PODS:
  - Macaw (0.9.5):
    - SWXMLHash
  - SWXMLHash (5.0.1)

DEPENDENCIES:
  - Macaw (= 0.9.5)

SPEC REPOS:
  trunk:
    - Macaw
    - SWXMLHash

SPEC CHECKSUMS:
  Macaw: 10bf9e327cb75f24e3225d5229a80ed544df85f0
  SWXMLHash: 9cc0c2e4807926c74377724aa8722ee5707a0485

PODFILE CHECKSUM: 5694a623e3c8381fa7e6a293f6cc0a30531e81d9

COCOAPODS: 1.8.4
